// !$*UTF8*$!
{
	archiveVersion = 1;
	classes = {
	};
	objectVersion = 46;
	objects = {

/* Begin PBXBuildFile section */
		8FFE80E488BB3422188D04CC /* RootViewController.swift in Sources */ = {isa = PBXBuildFile; fileRef = 8FFE8708E479988F6B0AC681 /* RootViewController.swift */; };
		8FFE819D5F27B263648777F6 /* Assets.xcassets in Resources */ = {isa = PBXBuildFile; fileRef = 8FFE819DA5FDA2FFBD18E3DB /* Assets.xcassets */; };
		8FFE826D747A96401F1106AB /* FirstAppTests.swift in Sources */ = {isa = PBXBuildFile; fileRef = 8FFE80ABF02EBC9D94EC5791 /* FirstAppTests.swift */; };
		8FFE84B959535D7CB3A712CA /* LaunchScreen.storyboard in Resources */ = {isa = PBXBuildFile; fileRef = 8FFE813D2C62DE081F84B2BF /* LaunchScreen.storyboard */; };
		8FFE8742F5DC47F45ECA70B5 /* ModelController.swift in Sources */ = {isa = PBXBuildFile; fileRef = 8FFE871A87ECD106EC4DD673 /* ModelController.swift */; };
		8FFE888071D508CA9BFA875A /* DataViewController.swift in Sources */ = {isa = PBXBuildFile; fileRef = 8FFE867413D87E264A3EC474 /* DataViewController.swift */; };
		8FFE8A340FDBFC3FAF7CB762 /* Info.plist in Resources */ = {isa = PBXBuildFile; fileRef = 8FFE8E9FECCFE208B18420CB /* Info.plist */; };
		8FFE8B1B3CABF9FAEF79366A /* AppDelegate.swift in Sources */ = {isa = PBXBuildFile; fileRef = 8FFE8B4C1B470EF047BBD7F3 /* AppDelegate.swift */; };
		8FFE8BA546F140E481576020 /* Info.plist in Resources */ = {isa = PBXBuildFile; fileRef = 8FFE837B1CE044513685E8F8 /* Info.plist */; };
		8FFE8FC6309A746B8B70161E /* Main.storyboard in Resources */ = {isa = PBXBuildFile; fileRef = 8FFE8D3A8F68826A9D8C3378 /* Main.storyboard */; };
/* End PBXBuildFile section */

/* Begin PBXContainerItemProxy section */
		8FFE8EC055ACCB53A65B11FA /* PBXContainerItemProxy */ = {
			isa = PBXContainerItemProxy;
			containerPortal = 8FFE84AF479FC061C72BD95D /* Project object */;
			proxyType = 1;
			remoteGlobalIDString = 8FFE889F9976665A247CC26D;
			remoteInfo = FirstApp;
		};
/* End PBXContainerItemProxy section */

/* Begin PBXFileReference section */
		8FFE80ABF02EBC9D94EC5791 /* FirstAppTests.swift */ = {isa = PBXFileReference; lastKnownFileType = sourcecode.swift; path = FirstAppTests.swift; sourceTree = "<group>"; };
		8FFE8117AA3250919BF8A61D /* Base */ = {isa = PBXFileReference; lastKnownFileType = file.storyboard; name = Base; path = Base.lproj/Main.storyboard; sourceTree = "<group>"; };
		8FFE819DA5FDA2FFBD18E3DB /* Assets.xcassets */ = {isa = PBXFileReference; lastKnownFileType = folder.assetcatalog; path = Assets.xcassets; sourceTree = "<group>"; };
		8FFE837B1CE044513685E8F8 /* Info.plist */ = {isa = PBXFileReference; lastKnownFileType = text.plist.info; path = Info.plist; sourceTree = "<group>"; };
		8FFE83A7334EBDFC23768F7B /* Base */ = {isa = PBXFileReference; lastKnownFileType = file.storyboard; name = Base; path = Base.lproj/LaunchScreen.storyboard; sourceTree = "<group>"; };
		8FFE8562403B241F3299ED11 /* FirstApp.app */ = {isa = PBXFileReference; explicitFileType = wrapper.application; includeInIndex = 0; path = FirstApp.app; sourceTree = BUILT_PRODUCTS_DIR; };
		8FFE867413D87E264A3EC474 /* DataViewController.swift */ = {isa = PBXFileReference; lastKnownFileType = sourcecode.swift; path = DataViewController.swift; sourceTree = "<group>"; };
		8FFE8708E479988F6B0AC681 /* RootViewController.swift */ = {isa = PBXFileReference; lastKnownFileType = sourcecode.swift; path = RootViewController.swift; sourceTree = "<group>"; };
		8FFE871A87ECD106EC4DD673 /* ModelController.swift */ = {isa = PBXFileReference; lastKnownFileType = sourcecode.swift; path = ModelController.swift; sourceTree = "<group>"; };
		8FFE88F8784FF5AC942BD0A8 /* FirstAppTests.xctest */ = {isa = PBXFileReference; explicitFileType = wrapper.cfbundle; includeInIndex = 0; path = FirstAppTests.xctest; sourceTree = BUILT_PRODUCTS_DIR; };
		8FFE8B4C1B470EF047BBD7F3 /* AppDelegate.swift */ = {isa = PBXFileReference; lastKnownFileType = sourcecode.swift; path = AppDelegate.swift; sourceTree = "<group>"; };
		8FFE8E9FECCFE208B18420CB /* Info.plist */ = {isa = PBXFileReference; lastKnownFileType = text.plist.info; path = Info.plist; sourceTree = "<group>"; };
/* End PBXFileReference section */

/* Begin PBXFrameworksBuildPhase section */
		8FFE889E0F9DA6C024BB76FA /* Frameworks */ = {
			isa = PBXFrameworksBuildPhase;
			buildActionMask = 2147483647;
			files = (
			);
			runOnlyForDeploymentPostprocessing = 0;
		};
		8FFE8F8785171934FD30332C /* Frameworks */ = {
			isa = PBXFrameworksBuildPhase;
			buildActionMask = 2147483647;
			files = (
			);
			runOnlyForDeploymentPostprocessing = 0;
		};
/* End PBXFrameworksBuildPhase section */

/* Begin PBXGroup section */
		8FFE85A4DC83836BA4BA5880 = {
			isa = PBXGroup;
			children = (
				8FFE8E70F031BFFFD6A1E6D3 /* Products */,
				8FFE8DA5AA2BC7D98EE8CF15 /* FirstApp */,
				8FFE8C80D8E9E360F4BBA697 /* FirstAppTests */,
			);
			sourceTree = "<group>";
		};
		8FFE8C80D8E9E360F4BBA697 /* FirstAppTests */ = {
			isa = PBXGroup;
			children = (
				8FFE837B1CE044513685E8F8 /* Info.plist */,
				8FFE80ABF02EBC9D94EC5791 /* FirstAppTests.swift */,
			);
			path = FirstAppTests;
			sourceTree = "<group>";
		};
		8FFE8DA5AA2BC7D98EE8CF15 /* FirstApp */ = {
			isa = PBXGroup;
			children = (
				8FFE8E9FECCFE208B18420CB /* Info.plist */,
				8FFE819DA5FDA2FFBD18E3DB /* Assets.xcassets */,
				8FFE813D2C62DE081F84B2BF /* LaunchScreen.storyboard */,
				8FFE8B4C1B470EF047BBD7F3 /* AppDelegate.swift */,
				8FFE8D3A8F68826A9D8C3378 /* Main.storyboard */,
				8FFE8708E479988F6B0AC681 /* RootViewController.swift */,
				8FFE867413D87E264A3EC474 /* DataViewController.swift */,
				8FFE871A87ECD106EC4DD673 /* ModelController.swift */,
			);
			path = FirstApp;
			sourceTree = "<group>";
		};
		8FFE8E70F031BFFFD6A1E6D3 /* Products */ = {
			isa = PBXGroup;
			children = (
				8FFE8562403B241F3299ED11 /* FirstApp.app */,
				8FFE88F8784FF5AC942BD0A8 /* FirstAppTests.xctest */,
			);
			name = Products;
			sourceTree = "<group>";
		};
/* End PBXGroup section */

/* Begin PBXNativeTarget section */
		8FFE837D35DB5233249AE643 /* FirstAppTests */ = {
			isa = PBXNativeTarget;
			buildConfigurationList = 8FFE8C5D402DF5EAA39CA1CC /* Build configuration list for PBXNativeTarget "FirstAppTests" */;
			buildPhases = (
				8FFE86AED952B07CC2CF4F23 /* Sources */,
				8FFE8F8785171934FD30332C /* Frameworks */,
				8FFE8C43C37CB42C485CE8F1 /* Resources */,
			);
			buildRules = (
			);
			dependencies = (
				8FFE86B762C43AFE6141A024 /* PBXTargetDependency */,
			);
			name = FirstAppTests;
			productName = FirstAppTests;
			productReference = 8FFE88F8784FF5AC942BD0A8 /* FirstAppTests.xctest */;
			productType = "com.apple.product-type.bundle.unit-test";
		};
		8FFE889F9976665A247CC26D /* FirstApp */ = {
			isa = PBXNativeTarget;
			buildConfigurationList = 8FFE8B561B5D1FC4DA9E42DC /* Build configuration list for PBXNativeTarget "FirstApp" */;
			buildPhases = (
				8FFE8406EF1799B82B70682F /* Sources */,
				8FFE889E0F9DA6C024BB76FA /* Frameworks */,
				8FFE8D951915B4F1ABDE8271 /* Resources */,
			);
			buildRules = (
			);
			dependencies = (
			);
			name = FirstApp;
			productName = FirstApp;
			productReference = 8FFE8562403B241F3299ED11 /* FirstApp.app */;
			productType = "com.apple.product-type.application";
		};
/* End PBXNativeTarget section */

/* Begin PBXProject section */
		8FFE84AF479FC061C72BD95D /* Project object */ = {
			isa = PBXProject;
			attributes = {
				ORGANIZATIONNAME = "___igorgoncalves___";
			};
			buildConfigurationList = 8FFE802D309C47C4D3D6F431 /* Build configuration list for PBXProject "FirstApp" */;
			compatibilityVersion = "Xcode 3.2";
			developmentRegion = English;
			hasScannedForEncodings = 0;
			knownRegions = (
				en,
			);
			mainGroup = 8FFE85A4DC83836BA4BA5880;
			productRefGroup = 8FFE8E70F031BFFFD6A1E6D3 /* Products */;
			projectDirPath = "";
			projectRoot = "";
			targets = (
				8FFE889F9976665A247CC26D /* FirstApp */,
				8FFE837D35DB5233249AE643 /* FirstAppTests */,
			);
		};
/* End PBXProject section */

/* Begin PBXResourcesBuildPhase section */
		8FFE8C43C37CB42C485CE8F1 /* Resources */ = {
			isa = PBXResourcesBuildPhase;
			buildActionMask = 2147483647;
			files = (
				8FFE8BA546F140E481576020 /* Info.plist in Resources */,
			);
			runOnlyForDeploymentPostprocessing = 0;
		};
		8FFE8D951915B4F1ABDE8271 /* Resources */ = {
			isa = PBXResourcesBuildPhase;
			buildActionMask = 2147483647;
			files = (
				8FFE8A340FDBFC3FAF7CB762 /* Info.plist in Resources */,
				8FFE819D5F27B263648777F6 /* Assets.xcassets in Resources */,
				8FFE84B959535D7CB3A712CA /* LaunchScreen.storyboard in Resources */,
				8FFE8FC6309A746B8B70161E /* Main.storyboard in Resources */,
			);
			runOnlyForDeploymentPostprocessing = 0;
		};
/* End PBXResourcesBuildPhase section */

/* Begin PBXSourcesBuildPhase section */
		8FFE8406EF1799B82B70682F /* Sources */ = {
			isa = PBXSourcesBuildPhase;
			buildActionMask = 2147483647;
			files = (
				8FFE8B1B3CABF9FAEF79366A /* AppDelegate.swift in Sources */,
				8FFE80E488BB3422188D04CC /* RootViewController.swift in Sources */,
				8FFE888071D508CA9BFA875A /* DataViewController.swift in Sources */,
				8FFE8742F5DC47F45ECA70B5 /* ModelController.swift in Sources */,
			);
			runOnlyForDeploymentPostprocessing = 0;
		};
		8FFE86AED952B07CC2CF4F23 /* Sources */ = {
			isa = PBXSourcesBuildPhase;
			buildActionMask = 2147483647;
			files = (
				8FFE826D747A96401F1106AB /* FirstAppTests.swift in Sources */,
			);
			runOnlyForDeploymentPostprocessing = 0;
		};
/* End PBXSourcesBuildPhase section */

/* Begin PBXTargetDependency section */
		8FFE86B762C43AFE6141A024 /* PBXTargetDependency */ = {
			isa = PBXTargetDependency;
			target = 8FFE889F9976665A247CC26D /* FirstApp */;
			targetProxy = 8FFE8EC055ACCB53A65B11FA /* PBXContainerItemProxy */;
		};
/* End PBXTargetDependency section */

/* Begin PBXVariantGroup section */
		8FFE813D2C62DE081F84B2BF /* LaunchScreen.storyboard */ = {
			isa = PBXVariantGroup;
			children = (
				8FFE83A7334EBDFC23768F7B /* Base */,
			);
			name = LaunchScreen.storyboard;
			sourceTree = "<group>";
		};
		8FFE8D3A8F68826A9D8C3378 /* Main.storyboard */ = {
			isa = PBXVariantGroup;
			children = (
				8FFE8117AA3250919BF8A61D /* Base */,
			);
			name = Main.storyboard;
			sourceTree = "<group>";
		};
/* End PBXVariantGroup section */

/* Begin XCBuildConfiguration section */
		8FFE855D50B29373D6C14307 /* Debug */ = {
			isa = XCBuildConfiguration;
			buildSettings = {
				BUNDLE_LOADER = "$(BUILT_PRODUCTS_DIR)/FirstApp.app/FirstApp";
				INFOPLIST_FILE = FirstAppTests/Info.plist;
				LD_RUNPATH_SEARCH_PATHS = "$(inherited) @executable_path/Frameworks @loader_path/Frameworks";
				PRODUCT_BUNDLE_IDENTIFIER = HackATruck.FirstAppTests;
				PRODUCT_NAME = "$(TARGET_NAME)";
				SWIFT_VERSION = 3.0;
				TEST_HOST = "$(BUNDLE_LOADER)";
			};
			name = Debug;
		};
		8FFE87402E4A24C81D78F130 /* Release */ = {
			isa = XCBuildConfiguration;
			buildSettings = {
				BUNDLE_LOADER = "$(BUILT_PRODUCTS_DIR)/FirstApp.app/FirstApp";
				INFOPLIST_FILE = FirstAppTests/Info.plist;
				LD_RUNPATH_SEARCH_PATHS = "$(inherited) @executable_path/Frameworks @loader_path/Frameworks";
				PRODUCT_BUNDLE_IDENTIFIER = HackATruck.FirstAppTests;
				PRODUCT_NAME = "$(TARGET_NAME)";
				SWIFT_VERSION = 3.0;
				TEST_HOST = "$(BUNDLE_LOADER)";
			};
			name = Release;
		};
		8FFE886C258991AC1F716789 /* Debug */ = {
			isa = XCBuildConfiguration;
			buildSettings = {
				ALWAYS_SEARCH_USER_PATHS = NO;
				CLANG_ANALYZER_NONNULL = YES;
				CLANG_CXX_LANGUAGE_STANDARD = "gnu++0x";
				CLANG_CXX_LIBRARY = "libc++";
				CLANG_ENABLE_MODULES = YES;
				CLANG_ENABLE_OBJC_ARC = YES;
				CLANG_WARN_BOOL_CONVERSION = YES;
				CLANG_WARN_CONSTANT_CONVERSION = YES;
				CLANG_WARN_DIRECT_OBJC_ISA_USAGE = YES_ERROR;
				CLANG_WARN_DOCUMENTATION_COMMENTS = YES;
				CLANG_WARN_EMPTY_BODY = YES;
				CLANG_WARN_ENUM_CONVERSION = YES;
				CLANG_WARN_INFINITE_RECURSION = YES;
				CLANG_WARN_INT_CONVERSION = YES;
				CLANG_WARN_OBJC_ROOT_CLASS = YES_ERROR;
				CLANG_WARN_SUSPICIOUS_MOVE = YES;
				CLANG_WARN_UNREACHABLE_CODE = YES;
				CLANG_WARN__DUPLICATE_METHOD_MATCH = YES;
				"CODE_SIGN_IDENTITY[sdk=iphoneos*]" = "iPhone Developer";
				COPY_PHASE_STRIP = NO;
				DEBUG_INFORMATION_FORMAT = dwarf;
				ENABLE_STRICT_OBJC_MSGSEND = YES;
				ENABLE_TESTABILITY = YES;
				GCC_C_LANGUAGE_STANDARD = gnu99;
				GCC_DYNAMIC_NO_PIC = NO;
				GCC_NO_COMMON_BLOCKS = YES;
				GCC_OPTIMIZATION_LEVEL = 0;
				GCC_PREPROCESSOR_DEFINITIONS = (
					"DEBUG=1",
					"$(inherited)",
				);
				GCC_WARN_64_TO_32_BIT_CONVERSION = YES;
				GCC_WARN_ABOUT_RETURN_TYPE = YES_ERROR;
				GCC_WARN_UNDECLARED_SELECTOR = YES;
				GCC_WARN_UNINITIALIZED_AUTOS = YES_AGGRESSIVE;
				GCC_WARN_UNUSED_FUNCTION = YES;
				GCC_WARN_UNUSED_VARIABLE = YES;
				IPHONEOS_DEPLOYMENT_TARGET = 10.2;
				MTL_ENABLE_DEBUG_INFO = YES;
				ONLY_ACTIVE_ARCH = YES;
				SDKROOT = iphoneos;
				SWIFT_ACTIVE_COMPILATION_CONDITIONS = DEBUG;
				SWIFT_OPTIMIZATION_LEVEL = "-Onone";
				TARGETED_DEVICE_FAMILY = "1,2";
			};
			name = Debug;
		};
		8FFE88A80DABE7232C919698 /* Release */ = {
			isa = XCBuildConfiguration;
			buildSettings = {
				ASSETCATALOG_COMPILER_APPICON_NAME = AppIcon;
				INFOPLIST_FILE = FirstApp/Info.plist;
				LD_RUNPATH_SEARCH_PATHS = "$(inherited) @executable_path/Frameworks";
				PRODUCT_BUNDLE_IDENTIFIER = HackATruck.FirstApp;
				PRODUCT_NAME = "$(TARGET_NAME)";
				SWIFT_VERSION = 3.0;
			};
			name = Release;
		};
		8FFE894BEA64BB52FA570193 /* Debug */ = {
			isa = XCBuildConfiguration;
			buildSettings = {
				ASSETCATALOG_COMPILER_APPICON_NAME = AppIcon;
				INFOPLIST_FILE = FirstApp/Info.plist;
				LD_RUNPATH_SEARCH_PATHS = "$(inherited) @executable_path/Frameworks";
				PRODUCT_BUNDLE_IDENTIFIER = HackATruck.FirstApp;
				PRODUCT_NAME = "$(TARGET_NAME)";
				SWIFT_VERSION = 3.0;
			};
			name = Debug;
		};
		8FFE8D288C665B6457290DC4 /* Release */ = {
			isa = XCBuildConfiguration;
			buildSettings = {
				ALWAYS_SEARCH_USER_PATHS = NO;
				CLANG_ANALYZER_NONNULL = YES;
				CLANG_CXX_LANGUAGE_STANDARD = "gnu++0x";
				CLANG_CXX_LIBRARY = "libc++";
				CLANG_ENABLE_MODULES = YES;
				CLANG_ENABLE_OBJC_ARC = YES;
				CLANG_WARN_BOOL_CONVERSION = YES;
				CLANG_WARN_CONSTANT_CONVERSION = YES;
				CLANG_WARN_DIRECT_OBJC_ISA_USAGE = YES_ERROR;
				CLANG_WARN_DOCUMENTATION_COMMENTS = YES;
				CLANG_WARN_EMPTY_BODY = YES;
				CLANG_WARN_ENUM_CONVERSION = YES;
				CLANG_WARN_INFINITE_RECURSION = YES;
				CLANG_WARN_INT_CONVERSION = YES;
				CLANG_WARN_OBJC_ROOT_CLASS = YES_ERROR;
				CLANG_WARN_SUSPICIOUS_MOVE = YES;
				CLANG_WARN_UNREACHABLE_CODE = YES;
				CLANG_WARN__DUPLICATE_METHOD_MATCH = YES;
				"CODE_SIGN_IDENTITY[sdk=iphoneos*]" = "iPhone Developer";
				COPY_PHASE_STRIP = NO;
				DEBUG_INFORMATION_FORMAT = "dwarf-with-dsym";
				ENABLE_NS_ASSERTIONS = NO;
				ENABLE_STRICT_OBJC_MSGSEND = YES;
				GCC_C_LANGUAGE_STANDARD = gnu99;
				GCC_NO_COMMON_BLOCKS = YES;
				GCC_WARN_64_TO_32_BIT_CONVERSION = YES;
				GCC_WARN_ABOUT_RETURN_TYPE = YES_ERROR;
				GCC_WARN_UNDECLARED_SELECTOR = YES;
				GCC_WARN_UNINITIALIZED_AUTOS = YES_AGGRESSIVE;
				GCC_WARN_UNUSED_FUNCTION = YES;
				GCC_WARN_UNUSED_VARIABLE = YES;
				IPHONEOS_DEPLOYMENT_TARGET = 10.2;
				MTL_ENABLE_DEBUG_INFO = NO;
				SDKROOT = iphoneos;
				SWIFT_OPTIMIZATION_LEVEL = "-Owholemodule";
				TARGETED_DEVICE_FAMILY = "1,2";
				VALIDATE_PRODUCT = YES;
			};
			name = Release;
		};
/* End XCBuildConfiguration section */

/* Begin XCConfigurationList section */
		8FFE802D309C47C4D3D6F431 /* Build configuration list for PBXProject "FirstApp" */ = {
			isa = XCConfigurationList;
			buildConfigurations = (
				8FFE886C258991AC1F716789 /* Debug */,
				8FFE8D288C665B6457290DC4 /* Release */,
			);
			defaultConfigurationIsVisible = 0;
			defaultConfigurationName = Release;
		};
		8FFE8B561B5D1FC4DA9E42DC /* Build configuration list for PBXNativeTarget "FirstApp" */ = {
			isa = XCConfigurationList;
			buildConfigurations = (
				8FFE894BEA64BB52FA570193 /* Debug */,
				8FFE88A80DABE7232C919698 /* Release */,
			);
			defaultConfigurationIsVisible = 0;
		};
		8FFE8C5D402DF5EAA39CA1CC /* Build configuration list for PBXNativeTarget "FirstAppTests" */ = {
			isa = XCConfigurationList;
			buildConfigurations = (
				8FFE855D50B29373D6C14307 /* Debug */,
				8FFE87402E4A24C81D78F130 /* Release */,
			);
			defaultConfigurationIsVisible = 0;
		};
/* End XCConfigurationList section */
	};
	rootObject = 8FFE84AF479FC061C72BD95D /* Project object */;
}
