// !$*UTF8*$!
{
	archiveVersion = 1;
	classes = {
	};
	objectVersion = 46;
	objects = {

/* Begin PBXBuildFile section */
		3F350C011E44FA8D002BFB02 /* AppDelegate.swift in Sources */ = {isa = PBXBuildFile; fileRef = 3F350C001E44FA8D002BFB02 /* AppDelegate.swift */; };
		3F350C061E44FA8D002BFB02 /* Main.storyboard in Resources */ = {isa = PBXBuildFile; fileRef = 3F350C041E44FA8D002BFB02 /* Main.storyboard */; };
		3F350C081E44FA8D002BFB02 /* Assets.xcassets in Resources */ = {isa = PBXBuildFile; fileRef = 3F350C071E44FA8D002BFB02 /* Assets.xcassets */; };
		3F350C0B1E44FA8D002BFB02 /* LaunchScreen.storyboard in Resources */ = {isa = PBXBuildFile; fileRef = 3F350C091E44FA8D002BFB02 /* LaunchScreen.storyboard */; };
		3F350C131E44FF03002BFB02 /* LugaresTableViewController.swift in Sources */ = {isa = PBXBuildFile; fileRef = 3F350C121E44FF03002BFB02 /* LugaresTableViewController.swift */; };
		3F350C161E4500B3002BFB02 /* Lugar.swift in Sources */ = {isa = PBXBuildFile; fileRef = 3F350C151E4500B3002BFB02 /* Lugar.swift */; };
		3F350C191E4501DD002BFB02 /* LugarService.swift in Sources */ = {isa = PBXBuildFile; fileRef = 3F350C181E4501DD002BFB02 /* LugarService.swift */; };
		3F350C1B1E450F18002BFB02 /* LugarTableViewCell.swift in Sources */ = {isa = PBXBuildFile; fileRef = 3F350C1A1E450F18002BFB02 /* LugarTableViewCell.swift */; };
/* End PBXBuildFile section */

/* Begin PBXFileReference section */
		3F350BFD1E44FA8D002BFB02 /* listadepaisagens.app */ = {isa = PBXFileReference; explicitFileType = wrapper.application; includeInIndex = 0; path = listadepaisagens.app; sourceTree = BUILT_PRODUCTS_DIR; };
		3F350C001E44FA8D002BFB02 /* AppDelegate.swift */ = {isa = PBXFileReference; lastKnownFileType = sourcecode.swift; path = AppDelegate.swift; sourceTree = "<group>"; };
		3F350C051E44FA8D002BFB02 /* Base */ = {isa = PBXFileReference; lastKnownFileType = file.storyboard; name = Base; path = Base.lproj/Main.storyboard; sourceTree = "<group>"; };
		3F350C071E44FA8D002BFB02 /* Assets.xcassets */ = {isa = PBXFileReference; lastKnownFileType = folder.assetcatalog; path = Assets.xcassets; sourceTree = "<group>"; };
		3F350C0A1E44FA8D002BFB02 /* Base */ = {isa = PBXFileReference; lastKnownFileType = file.storyboard; name = Base; path = Base.lproj/LaunchScreen.storyboard; sourceTree = "<group>"; };
		3F350C0C1E44FA8D002BFB02 /* Info.plist */ = {isa = PBXFileReference; lastKnownFileType = text.plist.xml; path = Info.plist; sourceTree = "<group>"; };
		3F350C121E44FF03002BFB02 /* LugaresTableViewController.swift */ = {isa = PBXFileReference; fileEncoding = 4; lastKnownFileType = sourcecode.swift; path = LugaresTableViewController.swift; sourceTree = "<group>"; };
		3F350C151E4500B3002BFB02 /* Lugar.swift */ = {isa = PBXFileReference; fileEncoding = 4; lastKnownFileType = sourcecode.swift; path = Lugar.swift; sourceTree = "<group>"; };
		3F350C181E4501DD002BFB02 /* LugarService.swift */ = {isa = PBXFileReference; fileEncoding = 4; lastKnownFileType = sourcecode.swift; path = LugarService.swift; sourceTree = "<group>"; };
		3F350C1A1E450F18002BFB02 /* LugarTableViewCell.swift */ = {isa = PBXFileReference; fileEncoding = 4; lastKnownFileType = sourcecode.swift; path = LugarTableViewCell.swift; sourceTree = "<group>"; };
/* End PBXFileReference section */

/* Begin PBXFrameworksBuildPhase section */
		3F350BFA1E44FA8D002BFB02 /* Frameworks */ = {
			isa = PBXFrameworksBuildPhase;
			buildActionMask = 2147483647;
			files = (
			);
			runOnlyForDeploymentPostprocessing = 0;
		};
/* End PBXFrameworksBuildPhase section */

/* Begin PBXGroup section */
		3F350BF41E44FA8D002BFB02 = {
			isa = PBXGroup;
			children = (
				3F350BFF1E44FA8D002BFB02 /* listadepaisagens */,
				3F350BFE1E44FA8D002BFB02 /* Products */,
			);
			sourceTree = "<group>";
		};
		3F350BFE1E44FA8D002BFB02 /* Products */ = {
			isa = PBXGroup;
			children = (
				3F350BFD1E44FA8D002BFB02 /* listadepaisagens.app */,
			);
			name = Products;
			sourceTree = "<group>";
		};
		3F350BFF1E44FA8D002BFB02 /* listadepaisagens */ = {
			isa = PBXGroup;
			children = (
				3F350C171E4501B2002BFB02 /* Services */,
				3F350C141E45008A002BFB02 /* Model */,
				3F350C001E44FA8D002BFB02 /* AppDelegate.swift */,
				3F350C041E44FA8D002BFB02 /* Main.storyboard */,
				3F350C071E44FA8D002BFB02 /* Assets.xcassets */,
				3F350C091E44FA8D002BFB02 /* LaunchScreen.storyboard */,
				3F350C0C1E44FA8D002BFB02 /* Info.plist */,
				3F350C121E44FF03002BFB02 /* LugaresTableViewController.swift */,
				3F350C1A1E450F18002BFB02 /* LugarTableViewCell.swift */,
			);
			path = listadepaisagens;
			sourceTree = "<group>";
		};
		3F350C141E45008A002BFB02 /* Model */ = {
			isa = PBXGroup;
			children = (
				3F350C151E4500B3002BFB02 /* Lugar.swift */,
			);
			name = Model;
			sourceTree = "<group>";
		};
		3F350C171E4501B2002BFB02 /* Services */ = {
			isa = PBXGroup;
			children = (
				3F350C181E4501DD002BFB02 /* LugarService.swift */,
			);
			name = Services;
			sourceTree = "<group>";
		};
/* End PBXGroup section */

/* Begin PBXNativeTarget section */
		3F350BFC1E44FA8D002BFB02 /* listadepaisagens */ = {
			isa = PBXNativeTarget;
			buildConfigurationList = 3F350C0F1E44FA8D002BFB02 /* Build configuration list for PBXNativeTarget "listadepaisagens" */;
			buildPhases = (
				3F350BF91E44FA8D002BFB02 /* Sources */,
				3F350BFA1E44FA8D002BFB02 /* Frameworks */,
				3F350BFB1E44FA8D002BFB02 /* Resources */,
			);
			buildRules = (
			);
			dependencies = (
			);
			name = listadepaisagens;
			productName = listadepaisagens;
			productReference = 3F350BFD1E44FA8D002BFB02 /* listadepaisagens.app */;
			productType = "com.apple.product-type.application";
		};
/* End PBXNativeTarget section */

/* Begin PBXProject section */
		3F350BF51E44FA8D002BFB02 /* Project object */ = {
			isa = PBXProject;
			attributes = {
				LastSwiftUpdateCheck = 0820;
				LastUpgradeCheck = 0820;
				ORGANIZATIONNAME = igorgoncalves;
				TargetAttributes = {
					3F350BFC1E44FA8D002BFB02 = {
						CreatedOnToolsVersion = 8.2.1;
						ProvisioningStyle = Automatic;
					};
				};
			};
			buildConfigurationList = 3F350BF81E44FA8D002BFB02 /* Build configuration list for PBXProject "listadepaisagens" */;
			compatibilityVersion = "Xcode 3.2";
			developmentRegion = English;
			hasScannedForEncodings = 0;
			knownRegions = (
				en,
				Base,
			);
			mainGroup = 3F350BF41E44FA8D002BFB02;
			productRefGroup = 3F350BFE1E44FA8D002BFB02 /* Products */;
			projectDirPath = "";
			projectRoot = "";
			targets = (
				3F350BFC1E44FA8D002BFB02 /* listadepaisagens */,
			);
		};
/* End PBXProject section */

/* Begin PBXResourcesBuildPhase section */
		3F350BFB1E44FA8D002BFB02 /* Resources */ = {
			isa = PBXResourcesBuildPhase;
			buildActionMask = 2147483647;
			files = (
				3F350C0B1E44FA8D002BFB02 /* LaunchScreen.storyboard in Resources */,
				3F350C081E44FA8D002BFB02 /* Assets.xcassets in Resources */,
				3F350C061E44FA8D002BFB02 /* Main.storyboard in Resources */,
			);
			runOnlyForDeploymentPostprocessing = 0;
		};
/* End PBXResourcesBuildPhase section */

/* Begin PBXSourcesBuildPhase section */
		3F350BF91E44FA8D002BFB02 /* Sources */ = {
			isa = PBXSourcesBuildPhase;
			buildActionMask = 2147483647;
			files = (
				3F350C131E44FF03002BFB02 /* LugaresTableViewController.swift in Sources */,
				3F350C191E4501DD002BFB02 /* LugarService.swift in Sources */,
				3F350C011E44FA8D002BFB02 /* AppDelegate.swift in Sources */,
				3F350C1B1E450F18002BFB02 /* LugarTableViewCell.swift in Sources */,
				3F350C161E4500B3002BFB02 /* Lugar.swift in Sources */,
			);
			runOnlyForDeploymentPostprocessing = 0;
		};
/* End PBXSourcesBuildPhase section */

/* Begin PBXVariantGroup section */
		3F350C041E44FA8D002BFB02 /* Main.storyboard */ = {
			isa = PBXVariantGroup;
			children = (
				3F350C051E44FA8D002BFB02 /* Base */,
			);
			name = Main.storyboard;
			sourceTree = "<group>";
		};
		3F350C091E44FA8D002BFB02 /* LaunchScreen.storyboard */ = {
			isa = PBXVariantGroup;
			children = (
				3F350C0A1E44FA8D002BFB02 /* Base */,
			);
			name = LaunchScreen.storyboard;
			sourceTree = "<group>";
		};
/* End PBXVariantGroup section */

/* Begin XCBuildConfiguration section */
		3F350C0D1E44FA8D002BFB02 /* Debug */ = {
			isa = XCBuildConfiguration;
			buildSettings = {
				ALWAYS_SEARCH_USER_PATHS = NO;
				CLANG_ANALYZER_NONNULL = YES;
				CLANG_CXX_LANGUAGE_STANDARD = "gnu++0x";
				CLANG_CXX_LIBRARY = "libc++";
				CLANG_ENABLE_MODULES = YES;
				CLANG_ENABLE_OBJC_ARC = YES;
				CLANG_WARN_BOOL_CONVERSION = YES;
				CLANG_WARN_CONSTANT_CONVERSION = YES;
				CLANG_WARN_DIRECT_OBJC_ISA_USAGE = YES_ERROR;
				CLANG_WARN_DOCUMENTATION_COMMENTS = YES;
				CLANG_WARN_EMPTY_BODY = YES;
				CLANG_WARN_ENUM_CONVERSION = YES;
				CLANG_WARN_INFINITE_RECURSION = YES;
				CLANG_WARN_INT_CONVERSION = YES;
				CLANG_WARN_OBJC_ROOT_CLASS = YES_ERROR;
				CLANG_WARN_SUSPICIOUS_MOVE = YES;
				CLANG_WARN_UNREACHABLE_CODE = YES;
				CLANG_WARN__DUPLICATE_METHOD_MATCH = YES;
				"CODE_SIGN_IDENTITY[sdk=iphoneos*]" = "iPhone Developer";
				COPY_PHASE_STRIP = NO;
				DEBUG_INFORMATION_FORMAT = dwarf;
				ENABLE_STRICT_OBJC_MSGSEND = YES;
				ENABLE_TESTABILITY = YES;
				GCC_C_LANGUAGE_STANDARD = gnu99;
				GCC_DYNAMIC_NO_PIC = NO;
				GCC_NO_COMMON_BLOCKS = YES;
				GCC_OPTIMIZATION_LEVEL = 0;
				GCC_PREPROCESSOR_DEFINITIONS = (
					"DEBUG=1",
					"$(inherited)",
				);
				GCC_WARN_64_TO_32_BIT_CONVERSION = YES;
				GCC_WARN_ABOUT_RETURN_TYPE = YES_ERROR;
				GCC_WARN_UNDECLARED_SELECTOR = YES;
				GCC_WARN_UNINITIALIZED_AUTOS = YES_AGGRESSIVE;
				GCC_WARN_UNUSED_FUNCTION = YES;
				GCC_WARN_UNUSED_VARIABLE = YES;
				IPHONEOS_DEPLOYMENT_TARGET = 10.2;
				MTL_ENABLE_DEBUG_INFO = YES;
				ONLY_ACTIVE_ARCH = YES;
				SDKROOT = iphoneos;
				SWIFT_ACTIVE_COMPILATION_CONDITIONS = DEBUG;
				SWIFT_OPTIMIZATION_LEVEL = "-Onone";
			};
			name = Debug;
		};
		3F350C0E1E44FA8D002BFB02 /* Release */ = {
			isa = XCBuildConfiguration;
			buildSettings = {
				ALWAYS_SEARCH_USER_PATHS = NO;
				CLANG_ANALYZER_NONNULL = YES;
				CLANG_CXX_LANGUAGE_STANDARD = "gnu++0x";
				CLANG_CXX_LIBRARY = "libc++";
				CLANG_ENABLE_MODULES = YES;
				CLANG_ENABLE_OBJC_ARC = YES;
				CLANG_WARN_BOOL_CONVERSION = YES;
				CLANG_WARN_CONSTANT_CONVERSION = YES;
				CLANG_WARN_DIRECT_OBJC_ISA_USAGE = YES_ERROR;
				CLANG_WARN_DOCUMENTATION_COMMENTS = YES;
				CLANG_WARN_EMPTY_BODY = YES;
				CLANG_WARN_ENUM_CONVERSION = YES;
				CLANG_WARN_INFINITE_RECURSION = YES;
				CLANG_WARN_INT_CONVERSION = YES;
				CLANG_WARN_OBJC_ROOT_CLASS = YES_ERROR;
				CLANG_WARN_SUSPICIOUS_MOVE = YES;
				CLANG_WARN_UNREACHABLE_CODE = YES;
				CLANG_WARN__DUPLICATE_METHOD_MATCH = YES;
				"CODE_SIGN_IDENTITY[sdk=iphoneos*]" = "iPhone Developer";
				COPY_PHASE_STRIP = NO;
				DEBUG_INFORMATION_FORMAT = "dwarf-with-dsym";
				ENABLE_NS_ASSERTIONS = NO;
				ENABLE_STRICT_OBJC_MSGSEND = YES;
				GCC_C_LANGUAGE_STANDARD = gnu99;
				GCC_NO_COMMON_BLOCKS = YES;
				GCC_WARN_64_TO_32_BIT_CONVERSION = YES;
				GCC_WARN_ABOUT_RETURN_TYPE = YES_ERROR;
				GCC_WARN_UNDECLARED_SELECTOR = YES;
				GCC_WARN_UNINITIALIZED_AUTOS = YES_AGGRESSIVE;
				GCC_WARN_UNUSED_FUNCTION = YES;
				GCC_WARN_UNUSED_VARIABLE = YES;
				IPHONEOS_DEPLOYMENT_TARGET = 10.2;
				MTL_ENABLE_DEBUG_INFO = NO;
				SDKROOT = iphoneos;
				SWIFT_OPTIMIZATION_LEVEL = "-Owholemodule";
				VALIDATE_PRODUCT = YES;
			};
			name = Release;
		};
		3F350C101E44FA8D002BFB02 /* Debug */ = {
			isa = XCBuildConfiguration;
			buildSettings = {
				ASSETCATALOG_COMPILER_APPICON_NAME = AppIcon;
				INFOPLIST_FILE = listadepaisagens/Info.plist;
				LD_RUNPATH_SEARCH_PATHS = "$(inherited) @executable_path/Frameworks";
				PRODUCT_BUNDLE_IDENTIFIER = br.igorgoncalves.listadepaisagens;
				PRODUCT_NAME = "$(TARGET_NAME)";
				SWIFT_VERSION = 3.0;
			};
			name = Debug;
		};
		3F350C111E44FA8D002BFB02 /* Release */ = {
			isa = XCBuildConfiguration;
			buildSettings = {
				ASSETCATALOG_COMPILER_APPICON_NAME = AppIcon;
				INFOPLIST_FILE = listadepaisagens/Info.plist;
				LD_RUNPATH_SEARCH_PATHS = "$(inherited) @executable_path/Frameworks";
				PRODUCT_BUNDLE_IDENTIFIER = br.igorgoncalves.listadepaisagens;
				PRODUCT_NAME = "$(TARGET_NAME)";
				SWIFT_VERSION = 3.0;
			};
			name = Release;
		};
/* End XCBuildConfiguration section */

/* Begin XCConfigurationList section */
		3F350BF81E44FA8D002BFB02 /* Build configuration list for PBXProject "listadepaisagens" */ = {
			isa = XCConfigurationList;
			buildConfigurations = (
				3F350C0D1E44FA8D002BFB02 /* Debug */,
				3F350C0E1E44FA8D002BFB02 /* Release */,
			);
			defaultConfigurationIsVisible = 0;
			defaultConfigurationName = Release;
		};
		3F350C0F1E44FA8D002BFB02 /* Build configuration list for PBXNativeTarget "listadepaisagens" */ = {
			isa = XCConfigurationList;
			buildConfigurations = (
				3F350C101E44FA8D002BFB02 /* Debug */,
				3F350C111E44FA8D002BFB02 /* Release */,
			);
			defaultConfigurationIsVisible = 0;
		};
/* End XCConfigurationList section */
	};
	rootObject = 3F350BF51E44FA8D002BFB02 /* Project object */;
}
