<?xml version="1.0" encoding="UTF-8"?>
<Scheme
   version = "1.3">
   <BuildAction>
      <BuildActionEntries>
         <BuildActionEntry
            buildForRunning = "YES">
            <BuildableReference
               BuildableIdentifier = "primary"
               BlueprintIdentifier = "8FFE833A5276412B47CB8622"
               BuildableName = "FirstBeacon.app"
               BlueprintName = "FirstBeacon"
               ReferencedContainer = "container:FirstBeacon.xcodeproj">
            </BuildableReference>
         </BuildActionEntry>
      </BuildActionEntries>
   </BuildAction>
   <LaunchAction
      useCustomWorkingDirectory = "NO"
      buildConfiguration = "Debug">
      <BuildableProductRunnable>
         <BuildableReference
            BuildableIdentifier = "primary"
            BlueprintIdentifier = "8FFE833A5276412B47CB8622"
            BuildableName = "FirstBeacon.app"
            BlueprintName = "FirstBeacon"
            ReferencedContainer = "container:FirstBeacon.xcodeproj">
         </BuildableReference>
      </BuildableProductRunnable>
   </LaunchAction>
</Scheme>
